
Microsoft Visual Studio Solution File, Format Version 12.00
# Visual Studio Version 16
VisualStudioVersion = 16.0.31729.503
MinimumVisualStudioVersion = 10.0.40219.1
Project("{FAE04EC0-301F-11D3-BF4B-00C04F79EFBC}") = "NamiML", "NamiML\NamiML.csproj", "{D71A77A5-728F-4B8C-8F43-CDA60D40D3E8}"
EndProject
Project("{FAE04EC0-301F-11D3-BF4B-00C04F79EFBC}") = "NamiML_Sample.Android", "NamiML_Sample\NamiML_Sample.Android\NamiML_Sample.Android.csproj", "{AD04F51F-6D07-4C68-BE91-93BDDDCA3F34}"
EndProject
Project("{FAE04EC0-301F-11D3-BF4B-00C04F79EFBC}") = "NamiML_Sample", "NamiML_Sample\NamiML_Sample\NamiML_Sample.csproj", "{3351EAA9-8C29-4C07-986E-AC76F8CF88E4}"
EndProject
Global
	GlobalSection(SolutionConfigurationPlatforms) = preSolution
		Debug|Any CPU = Debug|Any CPU
		Release|Any CPU = Release|Any CPU
	EndGlobalSection
	GlobalSection(ProjectConfigurationPlatforms) = postSolution
		{D71A77A5-728F-4B8C-8F43-CDA60D40D3E8}.Debug|Any CPU.ActiveCfg = Debug|Any CPU
		{D71A77A5-728F-4B8C-8F43-CDA60D40D3E8}.Debug|Any CPU.Build.0 = Debug|Any CPU
		{D71A77A5-728F-4B8C-8F43-CDA60D40D3E8}.Release|Any CPU.ActiveCfg = Release|Any CPU
		{D71A77A5-728F-4B8C-8F43-CDA60D40D3E8}.Release|Any CPU.Build.0 = Release|Any CPU
		{AD04F51F-6D07-4C68-BE91-93BDDDCA3F34}.Debug|Any CPU.ActiveCfg = Debug|Any CPU
		{AD04F51F-6D07-4C68-BE91-93BDDDCA3F34}.Debug|Any CPU.Build.0 = Debug|Any CPU
		{AD04F51F-6D07-4C68-BE91-93BDDDCA3F34}.Debug|Any CPU.Deploy.0 = Debug|Any CPU
		{AD04F51F-6D07-4C68-BE91-93BDDDCA3F34}.Release|Any CPU.ActiveCfg = Release|Any CPU
		{AD04F51F-6D07-4C68-BE91-93BDDDCA3F34}.Release|Any CPU.Build.0 = Release|Any CPU
		{AD04F51F-6D07-4C68-BE91-93BDDDCA3F34}.Release|Any CPU.Deploy.0 = Release|Any CPU
		{3351EAA9-8C29-4C07-986E-AC76F8CF88E4}.Debug|Any CPU.ActiveCfg = Debug|Any CPU
		{3351EAA9-8C29-4C07-986E-AC76F8CF88E4}.Debug|Any CPU.Build.0 = Debug|Any CPU
		{3351EAA9-8C29-4C07-986E-AC76F8CF88E4}.Release|Any CPU.ActiveCfg = Release|Any CPU
		{3351EAA9-8C29-4C07-986E-AC76F8CF88E4}.Release|Any CPU.Build.0 = Release|Any CPU
	EndGlobalSection
	GlobalSection(SolutionProperties) = preSolution
		HideSolutionNode = FALSE
	EndGlobalSection
	GlobalSection(ExtensibilityGlobals) = postSolution
		SolutionGuid = {647717E0-43CF-49BB-ABEA-8D79A55A8071}
	EndGlobalSection
EndGlobal
